
Microsoft Visual Studio Solution File, Format Version 12.00
# Visual Studio Version 16
VisualStudioVersion = 16.0.30330.147
MinimumVisualStudioVersion = 10.0.40219.1
Project("{FAE04EC0-301F-11D3-BF4B-00C04F79EFBC}") = "Assignment01", "Assignment01\Assignment01.csproj", "{A3DB71D2-5B8B-40EE-A2CA-198EFD13DD76}"
EndProject
Global
	GlobalSection(SolutionConfigurationPlatforms) = preSolution
		Debug|Any CPU = Debug|Any CPU
		Release|Any CPU = Release|Any CPU
	EndGlobalSection
	GlobalSection(ProjectConfigurationPlatforms) = postSolution
		{A3DB71D2-5B8B-40EE-A2CA-198EFD13DD76}.Debug|Any CPU.ActiveCfg = Debug|Any CPU
		{A3DB71D2-5B8B-40EE-A2CA-198EFD13DD76}.Debug|Any CPU.Build.0 = Debug|Any CPU
		{A3DB71D2-5B8B-40EE-A2CA-198EFD13DD76}.Release|Any CPU.ActiveCfg = Release|Any CPU
		{A3DB71D2-5B8B-40EE-A2CA-198EFD13DD76}.Release|Any CPU.Build.0 = Release|Any CPU
	EndGlobalSection
	GlobalSection(SolutionProperties) = preSolution
		HideSolutionNode = FALSE
	EndGlobalSection
	GlobalSection(ExtensibilityGlobals) = postSolution
		SolutionGuid = {C06A3E8C-B0B7-494E-A8FC-C828DC43149C}
	EndGlobalSection
EndGlobal
